{
  "version": "v1",
  "packages": {
    "@dapperduckling/oauth-monitor-react": {
      "signature": "588df8d8439f5afcf43b6d37df82968c",
      "file": true
    },
    "@dapperduckling/oauth-monitor-client": {
      "signature": "a9f47ecb6b29891b0acc86d4d3368630",
      "file": true
    },
    "@dapperduckling/oauth-monitor-common": {
      "signature": "936e2ff441fec49902ebc79b1d62d994",
      "file": true
    }
  }
}